
Microsoft Visual Studio Solution File, Format Version 12.00
# Visual Studio 15
Project("{FAE04EC0-301F-11D3-BF4B-00C04F79EFBC}") = "TrueFalseGame", "TrueFalseGame.csproj", "{8ECEAA71-AA2B-5714-F2FA-0AFBA4DF1893}"
EndProject
Project("{FAE04EC0-301F-11D3-BF4B-00C04F79EFBC}") = "TrueFalseGame.Plugins", "TrueFalseGame.Plugins.csproj", "{5CD21EAC-D80D-EA04-D939-B95545D04085}"
EndProject
Project("{FAE04EC0-301F-11D3-BF4B-00C04F79EFBC}") = "TrueFalseGame.Editor", "TrueFalseGame.Editor.csproj", "{211F0FC4-8FD1-3A93-5BB6-FBFCFA72B423}"
EndProject
Global
	GlobalSection(SolutionConfigurationPlatforms) = preSolution
		Debug|Any CPU = Debug|Any CPU
		Release|Any CPU = Release|Any CPU
	EndGlobalSection
	GlobalSection(ProjectConfigurationPlatforms) = postSolution
		{8ECEAA71-AA2B-5714-F2FA-0AFBA4DF1893}.Debug|Any CPU.ActiveCfg = Debug|Any CPU
		{8ECEAA71-AA2B-5714-F2FA-0AFBA4DF1893}.Debug|Any CPU.Build.0 = Debug|Any CPU
		{8ECEAA71-AA2B-5714-F2FA-0AFBA4DF1893}.Release|Any CPU.ActiveCfg = Release|Any CPU
		{8ECEAA71-AA2B-5714-F2FA-0AFBA4DF1893}.Release|Any CPU.Build.0 = Release|Any CPU
		{5CD21EAC-D80D-EA04-D939-B95545D04085}.Debug|Any CPU.ActiveCfg = Debug|Any CPU
		{5CD21EAC-D80D-EA04-D939-B95545D04085}.Debug|Any CPU.Build.0 = Debug|Any CPU
		{5CD21EAC-D80D-EA04-D939-B95545D04085}.Release|Any CPU.ActiveCfg = Release|Any CPU
		{5CD21EAC-D80D-EA04-D939-B95545D04085}.Release|Any CPU.Build.0 = Release|Any CPU
		{211F0FC4-8FD1-3A93-5BB6-FBFCFA72B423}.Debug|Any CPU.ActiveCfg = Debug|Any CPU
		{211F0FC4-8FD1-3A93-5BB6-FBFCFA72B423}.Debug|Any CPU.Build.0 = Debug|Any CPU
		{211F0FC4-8FD1-3A93-5BB6-FBFCFA72B423}.Release|Any CPU.ActiveCfg = Release|Any CPU
		{211F0FC4-8FD1-3A93-5BB6-FBFCFA72B423}.Release|Any CPU.Build.0 = Release|Any CPU
	EndGlobalSection
	GlobalSection(SolutionProperties) = preSolution
		HideSolutionNode = FALSE
	EndGlobalSection
EndGlobal
